// !$*UTF8*$!
{
	archiveVersion = 1;
	classes = {
	};
	objectVersion = 46;
	objects = {

/* Begin PBXBuildFile section */
		832B03EA1E87CDF500CF1651 /* kern_api.hpp in Headers */ = {isa = PBXBuildFile; fileRef = 83BA0FE91E87C99D00D2F884 /* kern_api.hpp */; };
		832B03EB1E87CDF500CF1651 /* kern_compression.hpp in Headers */ = {isa = PBXBuildFile; fileRef = 83BA0FEA1E87C99D00D2F884 /* kern_compression.hpp */; };
		832B03EC1E87CDF500CF1651 /* kern_config.hpp in Headers */ = {isa = PBXBuildFile; fileRef = 83BA0FEB1E87C99D00D2F884 /* kern_config.hpp */; };
		832B03ED1E87CDF500CF1651 /* kern_disasm.hpp in Headers */ = {isa = PBXBuildFile; fileRef = 83BA0FEC1E87C99D00D2F884 /* kern_disasm.hpp */; };
		832B03EE1E87CDF500CF1651 /* kern_file.hpp in Headers */ = {isa = PBXBuildFile; fileRef = 83BA0FED1E87C99D00D2F884 /* kern_file.hpp */; };
		832B03EF1E87CDF500CF1651 /* kern_iokit.hpp in Headers */ = {isa = PBXBuildFile; fileRef = 83BA0FEE1E87C99D00D2F884 /* kern_iokit.hpp */; };
		832B03F01E87CDF500CF1651 /* kern_mach.hpp in Headers */ = {isa = PBXBuildFile; fileRef = 83BA0FEF1E87C99D00D2F884 /* kern_mach.hpp */; };
		832B03F11E87CDF500CF1651 /* kern_patcher.hpp in Headers */ = {isa = PBXBuildFile; fileRef = 83BA0FF01E87C99D00D2F884 /* kern_patcher.hpp */; };
		832B03F21E87CDF500CF1651 /* kern_policy.hpp in Headers */ = {isa = PBXBuildFile; fileRef = 83BA0FF11E87C99D00D2F884 /* kern_policy.hpp */; };
		832B03F31E87CDF500CF1651 /* kern_user.hpp in Headers */ = {isa = PBXBuildFile; fileRef = 83BA0FF21E87C99D00D2F884 /* kern_user.hpp */; };
		832B03F41E87CDF500CF1651 /* kern_util.hpp in Headers */ = {isa = PBXBuildFile; fileRef = 83BA0FF31E87C99D00D2F884 /* kern_util.hpp */; };
		832B03F51E87CDF500CF1651 /* plugin_start.hpp in Headers */ = {isa = PBXBuildFile; fileRef = 83BA0FF41E87C99D00D2F884 /* plugin_start.hpp */; };
		832B03F61E87CDFA00CF1651 /* LegacyIOService.h in Headers */ = {isa = PBXBuildFile; fileRef = 83BA0FF61E87C99D00D2F884 /* LegacyIOService.h */; };
		83BA0FDE1E87C89F00D2F884 /* kern_cdPatch.cpp in Sources */ = {isa = PBXBuildFile; fileRef = 83BA0FDD1E87C89F00D2F884 /* kern_cdPatch.cpp */; };
		83BA0FE61E87C8DE00D2F884 /* kern_start.cpp in Sources */ = {isa = PBXBuildFile; fileRef = 83BA0FE51E87C8DE00D2F884 /* kern_start.cpp */; };
		83BA10061E87C99D00D2F884 /* libkmod.a in Frameworks */ = {isa = PBXBuildFile; fileRef = 83BA0FF71E87C99D00D2F884 /* libkmod.a */; };
		83BA10071E87C99D00D2F884 /* plugin_start.cpp in Sources */ = {isa = PBXBuildFile; fileRef = 83BA0FF81E87C99D00D2F884 /* plugin_start.cpp */; };
/* End PBXBuildFile section */

/* Begin PBXFileReference section */
		83BA0FD81E87C89F00D2F884 /* CoreDisplayFixup.kext */ = {isa = PBXFileReference; explicitFileType = wrapper.cfbundle; includeInIndex = 0; path = CoreDisplayFixup.kext; sourceTree = BUILT_PRODUCTS_DIR; };
		83BA0FDB1E87C89F00D2F884 /* kern_cdPatch.hpp */ = {isa = PBXFileReference; indentWidth = 4; lastKnownFileType = sourcecode.cpp.h; path = kern_cdPatch.hpp; sourceTree = "<group>"; tabWidth = 4; };
		83BA0FDD1E87C89F00D2F884 /* kern_cdPatch.cpp */ = {isa = PBXFileReference; indentWidth = 4; lastKnownFileType = sourcecode.cpp.cpp; path = kern_cdPatch.cpp; sourceTree = "<group>"; tabWidth = 4; wrapsLines = 1; };
		83BA0FDF1E87C89F00D2F884 /* Info.plist */ = {isa = PBXFileReference; lastKnownFileType = text.plist.xml; path = Info.plist; sourceTree = "<group>"; };
		83BA0FE51E87C8DE00D2F884 /* kern_start.cpp */ = {isa = PBXFileReference; fileEncoding = 4; indentWidth = 4; lastKnownFileType = sourcecode.cpp.cpp; path = kern_start.cpp; sourceTree = "<group>"; tabWidth = 4; usesTabs = 0; wrapsLines = 1; };
		83BA0FE91E87C99D00D2F884 /* kern_api.hpp */ = {isa = PBXFileReference; fileEncoding = 4; lastKnownFileType = sourcecode.cpp.h; path = kern_api.hpp; sourceTree = "<group>"; };
		83BA0FEA1E87C99D00D2F884 /* kern_compression.hpp */ = {isa = PBXFileReference; fileEncoding = 4; lastKnownFileType = sourcecode.cpp.h; path = kern_compression.hpp; sourceTree = "<group>"; };
		83BA0FEB1E87C99D00D2F884 /* kern_config.hpp */ = {isa = PBXFileReference; fileEncoding = 4; lastKnownFileType = sourcecode.cpp.h; path = kern_config.hpp; sourceTree = "<group>"; };
		83BA0FEC1E87C99D00D2F884 /* kern_disasm.hpp */ = {isa = PBXFileReference; fileEncoding = 4; lastKnownFileType = sourcecode.cpp.h; path = kern_disasm.hpp; sourceTree = "<group>"; };
		83BA0FED1E87C99D00D2F884 /* kern_file.hpp */ = {isa = PBXFileReference; fileEncoding = 4; lastKnownFileType = sourcecode.cpp.h; path = kern_file.hpp; sourceTree = "<group>"; };
		83BA0FEE1E87C99D00D2F884 /* kern_iokit.hpp */ = {isa = PBXFileReference; fileEncoding = 4; lastKnownFileType = sourcecode.cpp.h; path = kern_iokit.hpp; sourceTree = "<group>"; };
		83BA0FEF1E87C99D00D2F884 /* kern_mach.hpp */ = {isa = PBXFileReference; fileEncoding = 4; lastKnownFileType = sourcecode.cpp.h; path = kern_mach.hpp; sourceTree = "<group>"; };
		83BA0FF01E87C99D00D2F884 /* kern_patcher.hpp */ = {isa = PBXFileReference; fileEncoding = 4; lastKnownFileType = sourcecode.cpp.h; path = kern_patcher.hpp; sourceTree = "<group>"; };
		83BA0FF11E87C99D00D2F884 /* kern_policy.hpp */ = {isa = PBXFileReference; fileEncoding = 4; lastKnownFileType = sourcecode.cpp.h; path = kern_policy.hpp; sourceTree = "<group>"; };
		83BA0FF21E87C99D00D2F884 /* kern_user.hpp */ = {isa = PBXFileReference; fileEncoding = 4; lastKnownFileType = sourcecode.cpp.h; path = kern_user.hpp; sourceTree = "<group>"; };
		83BA0FF31E87C99D00D2F884 /* kern_util.hpp */ = {isa = PBXFileReference; fileEncoding = 4; lastKnownFileType = sourcecode.cpp.h; path = kern_util.hpp; sourceTree = "<group>"; };
		83BA0FF41E87C99D00D2F884 /* plugin_start.hpp */ = {isa = PBXFileReference; fileEncoding = 4; lastKnownFileType = sourcecode.cpp.h; path = plugin_start.hpp; sourceTree = "<group>"; };
		83BA0FF61E87C99D00D2F884 /* LegacyIOService.h */ = {isa = PBXFileReference; fileEncoding = 4; lastKnownFileType = sourcecode.c.h; path = LegacyIOService.h; sourceTree = "<group>"; };
		83BA0FF71E87C99D00D2F884 /* libkmod.a */ = {isa = PBXFileReference; lastKnownFileType = archive.ar; path = libkmod.a; sourceTree = "<group>"; };
		83BA0FF81E87C99D00D2F884 /* plugin_start.cpp */ = {isa = PBXFileReference; fileEncoding = 4; lastKnownFileType = sourcecode.cpp.cpp; path = plugin_start.cpp; sourceTree = "<group>"; };
/* End PBXFileReference section */

/* Begin PBXFrameworksBuildPhase section */
		83BA0FD41E87C89F00D2F884 /* Frameworks */ = {
			isa = PBXFrameworksBuildPhase;
			buildActionMask = 2147483647;
			files = (
				83BA10061E87C99D00D2F884 /* libkmod.a in Frameworks */,
			);
			runOnlyForDeploymentPostprocessing = 0;
		};
/* End PBXFrameworksBuildPhase section */

/* Begin PBXGroup section */
		83BA0FCE1E87C89F00D2F884 = {
			isa = PBXGroup;
			children = (
				83BA0FE71E87C98D00D2F884 /* APIs */,
				83BA0FDA1E87C89F00D2F884 /* Source */,
				83BA0FD91E87C89F00D2F884 /* Binaries */,
			);
			sourceTree = "<group>";
		};
		83BA0FD91E87C89F00D2F884 /* Binaries */ = {
			isa = PBXGroup;
			children = (
				83BA0FD81E87C89F00D2F884 /* CoreDisplayFixup.kext */,
			);
			name = Binaries;
			sourceTree = "<group>";
		};
		83BA0FDA1E87C89F00D2F884 /* Source */ = {
			isa = PBXGroup;
			children = (
				83D783761E92992B00203061 /* Codes */,
				83D783751E92990F00203061 /* Supporting Files */,
			);
			name = Source;
			path = CoreDisplayFixup;
			sourceTree = "<group>";
		};
		83BA0FE71E87C98D00D2F884 /* APIs */ = {
			isa = PBXGroup;
			children = (
				83CB7DFF1E9283C300668E54 /* Lilu */,
			);
			name = APIs;
			sourceTree = "<group>";
		};
		83BA0FE81E87C99D00D2F884 /* Headers */ = {
			isa = PBXGroup;
			children = (
				83BA0FE91E87C99D00D2F884 /* kern_api.hpp */,
				83BA0FEA1E87C99D00D2F884 /* kern_compression.hpp */,
				83BA0FEB1E87C99D00D2F884 /* kern_config.hpp */,
				83BA0FEC1E87C99D00D2F884 /* kern_disasm.hpp */,
				83BA0FED1E87C99D00D2F884 /* kern_file.hpp */,
				83BA0FEE1E87C99D00D2F884 /* kern_iokit.hpp */,
				83BA0FEF1E87C99D00D2F884 /* kern_mach.hpp */,
				83BA0FF01E87C99D00D2F884 /* kern_patcher.hpp */,
				83BA0FF11E87C99D00D2F884 /* kern_policy.hpp */,
				83BA0FF21E87C99D00D2F884 /* kern_user.hpp */,
				83BA0FF31E87C99D00D2F884 /* kern_util.hpp */,
				83BA0FF41E87C99D00D2F884 /* plugin_start.hpp */,
			);
			name = Headers;
			path = Lilu.kext/Contents/Resources/Headers;
			sourceTree = "<group>";
		};
		83BA0FF51E87C99D00D2F884 /* Library */ = {
			isa = PBXGroup;
			children = (
				83BA0FF61E87C99D00D2F884 /* LegacyIOService.h */,
				83BA0FF71E87C99D00D2F884 /* libkmod.a */,
				83BA0FF81E87C99D00D2F884 /* plugin_start.cpp */,
			);
			name = Library;
			path = Lilu.kext/Contents/Resources/Library;
			sourceTree = "<group>";
		};
		83CB7DFF1E9283C300668E54 /* Lilu */ = {
			isa = PBXGroup;
			children = (
				83BA0FE81E87C99D00D2F884 /* Headers */,
				83BA0FF51E87C99D00D2F884 /* Library */,
			);
			name = Lilu;
			sourceTree = "<group>";
		};
		83D783751E92990F00203061 /* Supporting Files */ = {
			isa = PBXGroup;
			children = (
				83BA0FDF1E87C89F00D2F884 /* Info.plist */,
			);
			name = "Supporting Files";
			sourceTree = "<group>";
		};
		83D783761E92992B00203061 /* Codes */ = {
			isa = PBXGroup;
			children = (
				83BA0FE51E87C8DE00D2F884 /* kern_start.cpp */,
				83BA0FDB1E87C89F00D2F884 /* kern_cdPatch.hpp */,
				83BA0FDD1E87C89F00D2F884 /* kern_cdPatch.cpp */,
			);
			name = Codes;
			sourceTree = "<group>";
		};
/* End PBXGroup section */

/* Begin PBXHeadersBuildPhase section */
		83BA0FD51E87C89F00D2F884 /* Headers */ = {
			isa = PBXHeadersBuildPhase;
			buildActionMask = 2147483647;
			files = (
				832B03F61E87CDFA00CF1651 /* LegacyIOService.h in Headers */,
				832B03EA1E87CDF500CF1651 /* kern_api.hpp in Headers */,
				832B03EB1E87CDF500CF1651 /* kern_compression.hpp in Headers */,
				832B03EC1E87CDF500CF1651 /* kern_config.hpp in Headers */,
				832B03ED1E87CDF500CF1651 /* kern_disasm.hpp in Headers */,
				832B03EE1E87CDF500CF1651 /* kern_file.hpp in Headers */,
				832B03EF1E87CDF500CF1651 /* kern_iokit.hpp in Headers */,
				832B03F01E87CDF500CF1651 /* kern_mach.hpp in Headers */,
				832B03F11E87CDF500CF1651 /* kern_patcher.hpp in Headers */,
				832B03F21E87CDF500CF1651 /* kern_policy.hpp in Headers */,
				832B03F31E87CDF500CF1651 /* kern_user.hpp in Headers */,
				832B03F41E87CDF500CF1651 /* kern_util.hpp in Headers */,
				832B03F51E87CDF500CF1651 /* plugin_start.hpp in Headers */,
			);
			runOnlyForDeploymentPostprocessing = 0;
		};
/* End PBXHeadersBuildPhase section */

/* Begin PBXNativeTarget section */
		83BA0FD71E87C89F00D2F884 /* CoreDisplayFixup */ = {
			isa = PBXNativeTarget;
			buildConfigurationList = 83BA0FE21E87C89F00D2F884 /* Build configuration list for PBXNativeTarget "CoreDisplayFixup" */;
			buildPhases = (
				83BA0FD31E87C89F00D2F884 /* Sources */,
				83BA0FD41E87C89F00D2F884 /* Frameworks */,
				83BA0FD51E87C89F00D2F884 /* Headers */,
				83BA0FD61E87C89F00D2F884 /* Resources */,
			);
			buildRules = (
			);
			dependencies = (
			);
			name = CoreDisplayFixup;
			productName = CoreDisplayFixup;
			productReference = 83BA0FD81E87C89F00D2F884 /* CoreDisplayFixup.kext */;
			productType = "com.apple.product-type.kernel-extension";
		};
/* End PBXNativeTarget section */

/* Begin PBXProject section */
		83BA0FCF1E87C89F00D2F884 /* Project object */ = {
			isa = PBXProject;
			attributes = {
				LastUpgradeCheck = 0830;
				ORGANIZATIONNAME = Vanilla;
				TargetAttributes = {
					83BA0FD71E87C89F00D2F884 = {
						CreatedOnToolsVersion = 8.2.1;
					};
				};
			};
			buildConfigurationList = 83BA0FD21E87C89F00D2F884 /* Build configuration list for PBXProject "CoreDisplayFixup" */;
			compatibilityVersion = "Xcode 3.2";
			developmentRegion = English;
			hasScannedForEncodings = 0;
			knownRegions = (
				en,
			);
			mainGroup = 83BA0FCE1E87C89F00D2F884;
			productRefGroup = 83BA0FD91E87C89F00D2F884 /* Binaries */;
			projectDirPath = "";
			projectRoot = "";
			targets = (
				83BA0FD71E87C89F00D2F884 /* CoreDisplayFixup */,
			);
		};
/* End PBXProject section */

/* Begin PBXResourcesBuildPhase section */
		83BA0FD61E87C89F00D2F884 /* Resources */ = {
			isa = PBXResourcesBuildPhase;
			buildActionMask = 2147483647;
			files = (
			);
			runOnlyForDeploymentPostprocessing = 0;
		};
/* End PBXResourcesBuildPhase section */

/* Begin PBXSourcesBuildPhase section */
		83BA0FD31E87C89F00D2F884 /* Sources */ = {
			isa = PBXSourcesBuildPhase;
			buildActionMask = 2147483647;
			files = (
				83BA0FE61E87C8DE00D2F884 /* kern_start.cpp in Sources */,
				83BA0FDE1E87C89F00D2F884 /* kern_cdPatch.cpp in Sources */,
				83BA10071E87C99D00D2F884 /* plugin_start.cpp in Sources */,
			);
			runOnlyForDeploymentPostprocessing = 0;
		};
/* End PBXSourcesBuildPhase section */

/* Begin XCBuildConfiguration section */
		83BA0FE01E87C89F00D2F884 /* Debug */ = {
			isa = XCBuildConfiguration;
			buildSettings = {
				ALWAYS_SEARCH_USER_PATHS = NO;
				CLANG_CXX_LANGUAGE_STANDARD = "c++14";
				CLANG_CXX_LIBRARY = "libc++";
				CLANG_WARN_BOOL_CONVERSION = YES;
				CLANG_WARN_CONSTANT_CONVERSION = YES;
				CLANG_WARN_DIRECT_OBJC_ISA_USAGE = YES_ERROR;
				CLANG_WARN_EMPTY_BODY = YES;
				CLANG_WARN_ENUM_CONVERSION = YES;
				CLANG_WARN_INFINITE_RECURSION = YES;
				CLANG_WARN_INT_CONVERSION = YES;
				CLANG_WARN_OBJC_ROOT_CLASS = YES_ERROR;
				CLANG_WARN_SUSPICIOUS_MOVE = YES;
				CLANG_WARN_UNREACHABLE_CODE = YES;
				CLANG_WARN__DUPLICATE_METHOD_MATCH = YES;
				DEBUG_INFORMATION_FORMAT = "dwarf-with-dsym";
				ENABLE_STRICT_OBJC_MSGSEND = YES;
				ENABLE_TESTABILITY = YES;
				GCC_C_LANGUAGE_STANDARD = c11;
				GCC_NO_COMMON_BLOCKS = YES;
				GCC_OPTIMIZATION_LEVEL = 0;
				GCC_PREPROCESSOR_DEFINITIONS = (
					"DEBUG=1",
					"$(inherited)",
				);
				GCC_WARN_64_TO_32_BIT_CONVERSION = YES;
				GCC_WARN_ABOUT_RETURN_TYPE = YES_ERROR;
				GCC_WARN_UNDECLARED_SELECTOR = YES;
				GCC_WARN_UNINITIALIZED_AUTOS = YES_AGGRESSIVE;
				GCC_WARN_UNUSED_FUNCTION = YES;
				GCC_WARN_UNUSED_VARIABLE = YES;
				MACOSX_DEPLOYMENT_TARGET = 10.8;
				ONLY_ACTIVE_ARCH = YES;
				SDKROOT = macosx;
			};
			name = Debug;
		};
		83BA0FE11E87C89F00D2F884 /* Release */ = {
			isa = XCBuildConfiguration;
			buildSettings = {
				ALWAYS_SEARCH_USER_PATHS = NO;
				CLANG_CXX_LANGUAGE_STANDARD = "c++14";
				CLANG_CXX_LIBRARY = "libc++";
				CLANG_WARN_BOOL_CONVERSION = YES;
				CLANG_WARN_CONSTANT_CONVERSION = YES;
				CLANG_WARN_DIRECT_OBJC_ISA_USAGE = YES_ERROR;
				CLANG_WARN_EMPTY_BODY = YES;
				CLANG_WARN_ENUM_CONVERSION = YES;
				CLANG_WARN_INFINITE_RECURSION = YES;
				CLANG_WARN_INT_CONVERSION = YES;
				CLANG_WARN_OBJC_ROOT_CLASS = YES_ERROR;
				CLANG_WARN_SUSPICIOUS_MOVE = YES;
				CLANG_WARN_UNREACHABLE_CODE = YES;
				CLANG_WARN__DUPLICATE_METHOD_MATCH = YES;
				DEBUG_INFORMATION_FORMAT = "dwarf-with-dsym";
				ENABLE_STRICT_OBJC_MSGSEND = YES;
				GCC_C_LANGUAGE_STANDARD = c11;
				GCC_NO_COMMON_BLOCKS = YES;
				GCC_OPTIMIZATION_LEVEL = 3;
				GCC_SYMBOLS_PRIVATE_EXTERN = YES;
				GCC_UNROLL_LOOPS = YES;
				GCC_WARN_64_TO_32_BIT_CONVERSION = YES;
				GCC_WARN_ABOUT_RETURN_TYPE = YES_ERROR;
				GCC_WARN_UNDECLARED_SELECTOR = YES;
				GCC_WARN_UNINITIALIZED_AUTOS = YES_AGGRESSIVE;
				GCC_WARN_UNUSED_FUNCTION = YES;
				GCC_WARN_UNUSED_VARIABLE = YES;
				MACOSX_DEPLOYMENT_TARGET = 10.8;
				ONLY_ACTIVE_ARCH = NO;
				SDKROOT = macosx;
			};
			name = Release;
		};
		83BA0FE31E87C89F00D2F884 /* Debug */ = {
			isa = XCBuildConfiguration;
			buildSettings = {
				COPY_PHASE_STRIP = NO;
				CURRENT_PROJECT_VERSION = "$(MODULE_VERSION)";
				DEPLOYMENT_POSTPROCESSING = YES;
				GCC_ENABLE_FLOATING_POINT_LIBRARY_CALLS = NO;
				GCC_ENABLE_KERNEL_DEVELOPMENT = NO;
				GCC_GENERATE_DEBUGGING_SYMBOLS = NO;
				GCC_PREPROCESSOR_DEFINITIONS = (
					"MODULE_VERSION=$(MODULE_VERSION)",
					"PRODUCT_NAME=$(PRODUCT_NAME)",
					"$(inherited)",
				);
				HEADER_SEARCH_PATHS = "${PROJECT_DIR}/Lilu.kext/Contents/Resources";
				INFOPLIST_FILE = CoreDisplayFixup/Info.plist;
				LIBRARY_SEARCH_PATHS = (
					"$(inherited)",
					"$(PROJECT_DIR)/Lilu.kext/Contents/Resources/Library",
				);
				LLVM_LTO = YES;
				MACOSX_DEPLOYMENT_TARGET = 10.8;
				MODULE_NAME = org.vanilla.driver.CoreDisplayFixup;
				MODULE_START = "$(PRODUCT_NAME)_kern_start";
				MODULE_STOP = "$(PRODUCT_NAME)_kern_stop";
				MODULE_VERSION = 1.0.1;
				OTHER_CFLAGS = (
					"-mmmx",
					"-msse",
					"-msse2",
					"-msse3",
					"-mfpmath=sse",
					"-mssse3",
					"-ftree-vectorize",
					"-fno-non-call-exceptions",
					"-fno-builtin",
					"-fno-asynchronous-unwind-tables",
				);
				OTHER_LDFLAGS = "-static";
				PRODUCT_BUNDLE_IDENTIFIER = org.vanilla.driver.CoreDisplayFixup;
				PRODUCT_NAME = "$(TARGET_NAME)";
				WRAPPER_EXTENSION = kext;
			};
			name = Debug;
		};
		83BA0FE41E87C89F00D2F884 /* Release */ = {
			isa = XCBuildConfiguration;
			buildSettings = {
				CURRENT_PROJECT_VERSION = "$(MODULE_VERSION)";
				DEAD_CODE_STRIPPING = YES;
				DEPLOYMENT_POSTPROCESSING = YES;
				GCC_ENABLE_FLOATING_POINT_LIBRARY_CALLS = NO;
				GCC_ENABLE_KERNEL_DEVELOPMENT = NO;
				GCC_GENERATE_DEBUGGING_SYMBOLS = YES;
				GCC_PREPROCESSOR_DEFINITIONS = (
					"MODULE_VERSION=$(MODULE_VERSION)",
					"PRODUCT_NAME=$(PRODUCT_NAME)",
				);
				HEADER_SEARCH_PATHS = "${PROJECT_DIR}/Lilu.kext/Contents/Resources";
				INFOPLIST_FILE = CoreDisplayFixup/Info.plist;
				LIBRARY_SEARCH_PATHS = (
					"$(inherited)",
					"$(PROJECT_DIR)/Lilu.kext/Contents/Resources/Library",
				);
				LLVM_LTO = YES;
				MACOSX_DEPLOYMENT_TARGET = 10.8;
				MODULE_NAME = org.vanilla.driver.CoreDisplayFixup;
				MODULE_START = "$(PRODUCT_NAME)_kern_start";
				MODULE_STOP = "$(PRODUCT_NAME)_kern_stop";
				MODULE_VERSION = 1.0.1;
				OTHER_CFLAGS = (
					"-mmmx",
					"-msse",
					"-msse2",
					"-msse3",
					"-mfpmath=sse",
					"-mssse3",
					"-ftree-vectorize",
					"-fno-non-call-exceptions",
					"-fno-builtin",
					"-fno-asynchronous-unwind-tables",
				);
				OTHER_LDFLAGS = "-static";
				PRODUCT_BUNDLE_IDENTIFIER = org.vanilla.driver.CoreDisplayFixup;
				PRODUCT_NAME = "$(TARGET_NAME)";
				WRAPPER_EXTENSION = kext;
			};
			name = Release;
		};
/* End XCBuildConfiguration section */

/* Begin XCConfigurationList section */
		83BA0FD21E87C89F00D2F884 /* Build configuration list for PBXProject "CoreDisplayFixup" */ = {
			isa = XCConfigurationList;
			buildConfigurations = (
				83BA0FE01E87C89F00D2F884 /* Debug */,
				83BA0FE11E87C89F00D2F884 /* Release */,
			);
			defaultConfigurationIsVisible = 0;
			defaultConfigurationName = Release;
		};
		83BA0FE21E87C89F00D2F884 /* Build configuration list for PBXNativeTarget "CoreDisplayFixup" */ = {
			isa = XCConfigurationList;
			buildConfigurations = (
				83BA0FE31E87C89F00D2F884 /* Debug */,
				83BA0FE41E87C89F00D2F884 /* Release */,
			);
			defaultConfigurationIsVisible = 0;
			defaultConfigurationName = Release;
		};
/* End XCConfigurationList section */
	};
	rootObject = 83BA0FCF1E87C89F00D2F884 /* Project object */;
}
